
Microsoft Visual Studio Solution File, Format Version 12.00
# Visual Studio Version 16
VisualStudioVersion = 16.0.30621.155
MinimumVisualStudioVersion = 10.0.40219.1
Project("{FAE04EC0-301F-11D3-BF4B-00C04F79EFBC}") = "EasyEats", "EasyEats\EasyEats.csproj", "{F6A7A9BF-878F-42A8-AFEB-36874A953D0D}"
EndProject
Global
	GlobalSection(SolutionConfigurationPlatforms) = preSolution
		Debug|Any CPU = Debug|Any CPU
		Release|Any CPU = Release|Any CPU
	EndGlobalSection
	GlobalSection(ProjectConfigurationPlatforms) = postSolution
		{F6A7A9BF-878F-42A8-AFEB-36874A953D0D}.Debug|Any CPU.ActiveCfg = Debug|Any CPU
		{F6A7A9BF-878F-42A8-AFEB-36874A953D0D}.Debug|Any CPU.Build.0 = Debug|Any CPU
		{F6A7A9BF-878F-42A8-AFEB-36874A953D0D}.Release|Any CPU.ActiveCfg = Release|Any CPU
		{F6A7A9BF-878F-42A8-AFEB-36874A953D0D}.Release|Any CPU.Build.0 = Release|Any CPU
	EndGlobalSection
	GlobalSection(SolutionProperties) = preSolution
		HideSolutionNode = FALSE
	EndGlobalSection
	GlobalSection(ExtensibilityGlobals) = postSolution
		SolutionGuid = {3D89DC10-8545-405D-B19D-940491E8C0A6}
	EndGlobalSection
EndGlobal
